<?xml version="1.0" encoding="utf-8"?>
<Project ToolsVersion="4.0" xmlns="http://schemas.microsoft.com/developer/msbuild/2003">
  <ItemGroup>
    <Filter Include="Source Files">
      <UniqueIdentifier>{4FC737F1-C7A5-4376-A066-2A32D752A2FF}</UniqueIdentifier>
      <Extensions>cpp;c;cc;cxx;def;odl;idl;hpj;bat;asm;asmx</Extensions>
    </Filter>
    <Filter Include="Header Files">
      <UniqueIdentifier>{93995380-89BD-4b04-88EB-625FBE52EBFB}</UniqueIdentifier>
      <Extensions>h;hh;hpp;hxx;hm;inl;inc;xsd</Extensions>
    </Filter>
    <Filter Include="Resource Files">
      <UniqueIdentifier>{67DA6AB6-F800-4c08-8B7A-83BB121AAD01}</UniqueIdentifier>
      <Extensions>rc;ico;cur;bmp;dlg;rc2;rct;bin;rgs;gif;jpg;jpeg;jpe;resx;tiff;tif;png;wav;mfcribbon-ms</Extensions>
    </Filter>
    <Filter Include="Header Files\kinect2fbx">
      <UniqueIdentifier>{b3ffe3b5-2793-4d8c-84dd-34f71cd2cd83}</UniqueIdentifier>
    </Filter>
    <Filter Include="Header Files\helpers">
      <UniqueIdentifier>{6697bd33-f7b9-4407-9c5a-ccd9101d2cac}</UniqueIdentifier>
    </Filter>
    <Filter Include="Source Files\kinect2fbx">
      <UniqueIdentifier>{6b5a35ee-a654-4b71-9772-26271ebcd97a}</UniqueIdentifier>
    </Filter>
    <Filter Include="Source Files\helpers">
      <UniqueIdentifier>{43258d56-15a4-4aa8-a872-92f480195429}</UniqueIdentifier>
    </Filter>
  </ItemGroup>
  <ItemGroup>
    <ClInclude Include="stdafx.h">
      <Filter>Header Files</Filter>
    </ClInclude>
    <ClInclude Include="targetver.h">
      <Filter>Header Files</Filter>
    </ClInclude>
    <ClInclude Include="kinect2fbx\HierarchyNodeDefinition.h">
      <Filter>Header Files\kinect2fbx</Filter>
    </ClInclude>
    <ClInclude Include="kinect2fbx\KinectSkeletonMapper.h">
      <Filter>Header Files\kinect2fbx</Filter>
    </ClInclude>
    <ClInclude Include="helpers\Kinect_helpers.h">
      <Filter>Header Files\helpers</Filter>
    </ClInclude>
    <ClInclude Include="CommmonKinect.h">
      <Filter>Source Files</Filter>
    </ClInclude>
  </ItemGroup>
  <ItemGroup>
    <ClCompile Include="stdafx.cpp">
      <Filter>Source Files</Filter>
    </ClCompile>
    <ClCompile Include="kinect2fbx\HierarchyNodeDefinition.cpp">
      <Filter>Source Files\kinect2fbx</Filter>
    </ClCompile>
    <ClCompile Include="kinect2fbx\KinectSkeletonMapper.cpp">
      <Filter>Source Files\kinect2fbx</Filter>
    </ClCompile>
    <ClCompile Include="helpers\Kinect_Helpers.cpp">
      <Filter>Source Files\helpers</Filter>
    </ClCompile>
  </ItemGroup>
</Project>