<?xml version="1.0" encoding="utf-8"?>
<Project ToolsVersion="4.0" xmlns="http://schemas.microsoft.com/developer/msbuild/2003">
  <ItemGroup>
    <Filter Include="Source Files">
      <UniqueIdentifier>{4FC737F1-C7A5-4376-A066-2A32D752A2FF}</UniqueIdentifier>
      <Extensions>cpp;c;cc;cxx;def;odl;idl;hpj;bat;asm;asmx</Extensions>
    </Filter>
    <Filter Include="Header Files">
      <UniqueIdentifier>{93995380-89BD-4b04-88EB-625FBE52EBFB}</UniqueIdentifier>
      <Extensions>h;hh;hpp;hxx;hm;inl;inc;xsd</Extensions>
    </Filter>
    <Filter Include="Resource Files">
      <UniqueIdentifier>{67DA6AB6-F800-4c08-8B7A-83BB121AAD01}</UniqueIdentifier>
      <Extensions>rc;ico;cur;bmp;dlg;rc2;rct;bin;rgs;gif;jpg;jpeg;jpe;resx;tiff;tif;png;wav;mfcribbon-ms</Extensions>
    </Filter>
    <Filter Include="Source Files\helpers">
      <UniqueIdentifier>{6fbdd94e-43be-4a03-898d-94afbe7ce35a}</UniqueIdentifier>
    </Filter>
    <Filter Include="Header Files\helpers">
      <UniqueIdentifier>{05093f4e-8c56-4fca-8361-a991485eae75}</UniqueIdentifier>
    </Filter>
    <Filter Include="Header Files\kinect2fbx">
      <UniqueIdentifier>{260cd213-02d1-4782-b76d-6ad56cb5dd4d}</UniqueIdentifier>
    </Filter>
    <Filter Include="Source Files\kinect2fbx">
      <UniqueIdentifier>{6193e2f9-27b7-46cb-ab31-daf9f51997f4}</UniqueIdentifier>
    </Filter>
  </ItemGroup>
  <ItemGroup>
    <ClInclude Include="stdafx.h">
      <Filter>Header Files</Filter>
    </ClInclude>
    <ClInclude Include="targetver.h">
      <Filter>Header Files</Filter>
    </ClInclude>
    <ClInclude Include="helpers\FBX_helpers.h">
      <Filter>Header Files\helpers</Filter>
    </ClInclude>
    <ClInclude Include="helpers\Kinect_helpers.h">
      <Filter>Header Files\helpers</Filter>
    </ClInclude>
    <ClInclude Include="helpers\UI_helpers.h">
      <Filter>Header Files\helpers</Filter>
    </ClInclude>
    <ClInclude Include="CommonMocap.h">
      <Filter>Header Files</Filter>
    </ClInclude>
    <ClInclude Include="kinect2fbx\HierarchyNodeDefinition.h">
      <Filter>Header Files\kinect2fbx</Filter>
    </ClInclude>
    <ClInclude Include="kinect2fbx\KinectSkeletonMapper.h">
      <Filter>Header Files\kinect2fbx</Filter>
    </ClInclude>
    <ClInclude Include="helpers\WindowIDS.h">
      <Filter>Header Files\helpers</Filter>
    </ClInclude>
    <ClInclude Include="CommonMocapFBX.h">
      <Filter>Header Files</Filter>
    </ClInclude>
  </ItemGroup>
  <ItemGroup>
    <ClCompile Include="stdafx.cpp">
      <Filter>Source Files</Filter>
    </ClCompile>
    <ClCompile Include="CommonMoCap.cpp">
      <Filter>Source Files</Filter>
    </ClCompile>
    <ClCompile Include="helpers\FBX_helpers.cpp">
      <Filter>Source Files\helpers</Filter>
    </ClCompile>
    <ClCompile Include="helpers\Kinect_Helpers.cpp">
      <Filter>Source Files\helpers</Filter>
    </ClCompile>
    <ClCompile Include="helpers\UI_helpers.cpp">
      <Filter>Source Files\helpers</Filter>
    </ClCompile>
    <ClCompile Include="kinect2fbx\HierarchyNodeDefinition.cpp">
      <Filter>Source Files\kinect2fbx</Filter>
    </ClCompile>
    <ClCompile Include="kinect2fbx\KinectSkeletonMapper.cpp">
      <Filter>Source Files\kinect2fbx</Filter>
    </ClCompile>
  </ItemGroup>
</Project>